
Microsoft Visual Studio Solution File, Format Version 12.00
# Visual Studio 15
VisualStudioVersion = 15.0.27703.2042
MinimumVisualStudioVersion = 10.0.40219.1
Project("{FAE04EC0-301F-11D3-BF4B-00C04F79EFBC}") = "Ynomrah.Web", "Ynomrah.Web\Ynomrah.Web.csproj", "{FCF6C0B2-431B-4964-BE1A-D8E502832970}"
EndProject
Project("{FAE04EC0-301F-11D3-BF4B-00C04F79EFBC}") = "ConsoleApp1", "ConsoleApp1\ConsoleApp1.csproj", "{F52A71C1-8EA5-4607-9F95-AA04EC2453A9}"
EndProject
Project("{9A19103F-16F7-4668-BE54-9A1E7A4F7556}") = "hiJump.Infrastructure", "hiJump.Infrastructure\hiJump.Infrastructure.csproj", "{C5D5318B-372A-4DCA-A1FE-C79065B2FB51}"
EndProject
Project("{FAE04EC0-301F-11D3-BF4B-00C04F79EFBC}") = "StructureMap", "StructureMap\StructureMap.csproj", "{678FFD88-848D-46A5-8341-F094B7E89F6C}"
EndProject
Global
	GlobalSection(SolutionConfigurationPlatforms) = preSolution
		Debug|Any CPU = Debug|Any CPU
		Release|Any CPU = Release|Any CPU
	EndGlobalSection
	GlobalSection(ProjectConfigurationPlatforms) = postSolution
		{FCF6C0B2-431B-4964-BE1A-D8E502832970}.Debug|Any CPU.ActiveCfg = Debug|Any CPU
		{FCF6C0B2-431B-4964-BE1A-D8E502832970}.Debug|Any CPU.Build.0 = Debug|Any CPU
		{FCF6C0B2-431B-4964-BE1A-D8E502832970}.Release|Any CPU.ActiveCfg = Release|Any CPU
		{FCF6C0B2-431B-4964-BE1A-D8E502832970}.Release|Any CPU.Build.0 = Release|Any CPU
		{F52A71C1-8EA5-4607-9F95-AA04EC2453A9}.Debug|Any CPU.ActiveCfg = Debug|Any CPU
		{F52A71C1-8EA5-4607-9F95-AA04EC2453A9}.Debug|Any CPU.Build.0 = Debug|Any CPU
		{F52A71C1-8EA5-4607-9F95-AA04EC2453A9}.Release|Any CPU.ActiveCfg = Release|Any CPU
		{F52A71C1-8EA5-4607-9F95-AA04EC2453A9}.Release|Any CPU.Build.0 = Release|Any CPU
		{C5D5318B-372A-4DCA-A1FE-C79065B2FB51}.Debug|Any CPU.ActiveCfg = Debug|Any CPU
		{C5D5318B-372A-4DCA-A1FE-C79065B2FB51}.Debug|Any CPU.Build.0 = Debug|Any CPU
		{C5D5318B-372A-4DCA-A1FE-C79065B2FB51}.Release|Any CPU.ActiveCfg = Release|Any CPU
		{C5D5318B-372A-4DCA-A1FE-C79065B2FB51}.Release|Any CPU.Build.0 = Release|Any CPU
		{678FFD88-848D-46A5-8341-F094B7E89F6C}.Debug|Any CPU.ActiveCfg = Debug|Any CPU
		{678FFD88-848D-46A5-8341-F094B7E89F6C}.Debug|Any CPU.Build.0 = Debug|Any CPU
		{678FFD88-848D-46A5-8341-F094B7E89F6C}.Release|Any CPU.ActiveCfg = Release|Any CPU
		{678FFD88-848D-46A5-8341-F094B7E89F6C}.Release|Any CPU.Build.0 = Release|Any CPU
	EndGlobalSection
	GlobalSection(SolutionProperties) = preSolution
		HideSolutionNode = FALSE
	EndGlobalSection
	GlobalSection(ExtensibilityGlobals) = postSolution
		SolutionGuid = {55FC5456-219D-4308-B270-8C46AA5ADCC8}
	EndGlobalSection
EndGlobal
